
Microsoft Visual Studio Solution File, Format Version 12.00
# Visual Studio 15
VisualStudioVersion = 15.0.27428.2037
MinimumVisualStudioVersion = 10.0.40219.1
Project("{FAE04EC0-301F-11D3-BF4B-00C04F79EFBC}") = "EjerciciosSQL", "EjerciciosSQL\EjerciciosSQL.csproj", "{594854A7-C08D-4C2A-8890-0256D5A3DB09}"
EndProject
Global
	GlobalSection(SolutionConfigurationPlatforms) = preSolution
		Debug|Any CPU = Debug|Any CPU
		Release|Any CPU = Release|Any CPU
	EndGlobalSection
	GlobalSection(ProjectConfigurationPlatforms) = postSolution
		{594854A7-C08D-4C2A-8890-0256D5A3DB09}.Debug|Any CPU.ActiveCfg = Debug|Any CPU
		{594854A7-C08D-4C2A-8890-0256D5A3DB09}.Debug|Any CPU.Build.0 = Debug|Any CPU
		{594854A7-C08D-4C2A-8890-0256D5A3DB09}.Release|Any CPU.ActiveCfg = Release|Any CPU
		{594854A7-C08D-4C2A-8890-0256D5A3DB09}.Release|Any CPU.Build.0 = Release|Any CPU
	EndGlobalSection
	GlobalSection(SolutionProperties) = preSolution
		HideSolutionNode = FALSE
	EndGlobalSection
	GlobalSection(ExtensibilityGlobals) = postSolution
		SolutionGuid = {F753BD15-D791-424F-B5E7-27EB92434FE7}
	EndGlobalSection
EndGlobal
